
Microsoft Visual Studio Solution File, Format Version 12.00
# Visual Studio Version 16
VisualStudioVersion = 16.0.32002.261
MinimumVisualStudioVersion = 10.0.40219.1
Project("{9A19103F-16F7-4668-BE54-9A1E7A4F7556}") = "Steganography", "Steganography\Steganography.csproj", "{045FB545-F4DA-4FBA-A378-436F2F197573}"
EndProject
Project("{FAE04EC0-301F-11D3-BF4B-00C04F79EFBC}") = "SteganographyButWinForms", "SteganographyButWinForms\SteganographyButWinForms.csproj", "{5CD6A469-676D-4C75-A86E-55DBE94EF9E3}"
EndProject
Global
	GlobalSection(SolutionConfigurationPlatforms) = preSolution
		Debug|Any CPU = Debug|Any CPU
		Release|Any CPU = Release|Any CPU
	EndGlobalSection
	GlobalSection(ProjectConfigurationPlatforms) = postSolution
		{045FB545-F4DA-4FBA-A378-436F2F197573}.Debug|Any CPU.ActiveCfg = Debug|Any CPU
		{045FB545-F4DA-4FBA-A378-436F2F197573}.Debug|Any CPU.Build.0 = Debug|Any CPU
		{045FB545-F4DA-4FBA-A378-436F2F197573}.Release|Any CPU.ActiveCfg = Release|Any CPU
		{045FB545-F4DA-4FBA-A378-436F2F197573}.Release|Any CPU.Build.0 = Release|Any CPU
		{5CD6A469-676D-4C75-A86E-55DBE94EF9E3}.Debug|Any CPU.ActiveCfg = Debug|Any CPU
		{5CD6A469-676D-4C75-A86E-55DBE94EF9E3}.Debug|Any CPU.Build.0 = Debug|Any CPU
		{5CD6A469-676D-4C75-A86E-55DBE94EF9E3}.Release|Any CPU.ActiveCfg = Release|Any CPU
		{5CD6A469-676D-4C75-A86E-55DBE94EF9E3}.Release|Any CPU.Build.0 = Release|Any CPU
	EndGlobalSection
	GlobalSection(SolutionProperties) = preSolution
		HideSolutionNode = FALSE
	EndGlobalSection
	GlobalSection(ExtensibilityGlobals) = postSolution
		SolutionGuid = {9630D71E-0304-4097-892D-F8446F3D538B}
	EndGlobalSection
EndGlobal
